
Microsoft Visual Studio Solution File, Format Version 11.00
# Visual Studio 2010
Project("{FAE04EC0-301F-11D3-BF4B-00C04F79EFBC}") = "EveApi", "EveApi\EveApi.csproj", "{DB5B3681-9F42-4C22-8562-2D39465D7A10}"
EndProject
Project("{FAE04EC0-301F-11D3-BF4B-00C04F79EFBC}") = "ApiTestBed", "ApiTestBed\ApiTestBed.csproj", "{AB2AD4E1-A80D-4CC9-B685-91224DB37518}"
EndProject
Project("{FAE04EC0-301F-11D3-BF4B-00C04F79EFBC}") = "ECMDatabaseCreator", "ECMDatabaseCreator\ECMDatabaseCreator.csproj", "{68451FB3-D015-4C95-BBDB-D525288AFAC8}"
EndProject
Project("{FAE04EC0-301F-11D3-BF4B-00C04F79EFBC}") = "ECMGTK", "ECMGTK\ECMGTK.csproj", "{1F176B2B-8B75-41D1-BF5F-C64A45B158F0}"
EndProject
Project("{2150E333-8FDC-42A3-9474-1A3956D46DE8}") = "Solution Items", "Solution Items", "{2F0D0DEF-8D47-4858-A449-1F8525543C34}"
	ProjectSection(SolutionItems) = preProject
		README.asciidoc = README.asciidoc
	EndProjectSection
EndProject
Project("{FAE04EC0-301F-11D3-BF4B-00C04F79EFBC}") = "ECM.Core", "ECM.Core\ECM.Core.csproj", "{57BE04A7-D657-4A74-828A-BBE9D994AEDA}"
EndProject
Global
	GlobalSection(SolutionConfigurationPlatforms) = preSolution
		Debug|Any CPU = Debug|Any CPU
		Debug|Mixed Platforms = Debug|Mixed Platforms
		Debug|x86 = Debug|x86
		Release|Any CPU = Release|Any CPU
		Release|Mixed Platforms = Release|Mixed Platforms
		Release|x86 = Release|x86
	EndGlobalSection
	GlobalSection(ProjectConfigurationPlatforms) = postSolution
		{1F176B2B-8B75-41D1-BF5F-C64A45B158F0}.Debug|Any CPU.ActiveCfg = Debug|Any CPU
		{1F176B2B-8B75-41D1-BF5F-C64A45B158F0}.Debug|Any CPU.Build.0 = Debug|Any CPU
		{1F176B2B-8B75-41D1-BF5F-C64A45B158F0}.Debug|Mixed Platforms.ActiveCfg = Debug|Any CPU
		{1F176B2B-8B75-41D1-BF5F-C64A45B158F0}.Debug|Mixed Platforms.Build.0 = Debug|Any CPU
		{1F176B2B-8B75-41D1-BF5F-C64A45B158F0}.Debug|x86.ActiveCfg = Debug|Any CPU
		{1F176B2B-8B75-41D1-BF5F-C64A45B158F0}.Debug|x86.Build.0 = Debug|Any CPU
		{1F176B2B-8B75-41D1-BF5F-C64A45B158F0}.Release|Any CPU.ActiveCfg = Release|Any CPU
		{1F176B2B-8B75-41D1-BF5F-C64A45B158F0}.Release|Any CPU.Build.0 = Release|Any CPU
		{1F176B2B-8B75-41D1-BF5F-C64A45B158F0}.Release|Mixed Platforms.ActiveCfg = Release|Any CPU
		{1F176B2B-8B75-41D1-BF5F-C64A45B158F0}.Release|Mixed Platforms.Build.0 = Release|Any CPU
		{1F176B2B-8B75-41D1-BF5F-C64A45B158F0}.Release|x86.ActiveCfg = Release|Any CPU
		{1F176B2B-8B75-41D1-BF5F-C64A45B158F0}.Release|x86.Build.0 = Release|Any CPU
		{57BE04A7-D657-4A74-828A-BBE9D994AEDA}.Debug|Any CPU.ActiveCfg = Debug|Any CPU
		{57BE04A7-D657-4A74-828A-BBE9D994AEDA}.Debug|Any CPU.Build.0 = Debug|Any CPU
		{57BE04A7-D657-4A74-828A-BBE9D994AEDA}.Debug|Mixed Platforms.ActiveCfg = Debug|Any CPU
		{57BE04A7-D657-4A74-828A-BBE9D994AEDA}.Debug|Mixed Platforms.Build.0 = Debug|Any CPU
		{57BE04A7-D657-4A74-828A-BBE9D994AEDA}.Debug|x86.ActiveCfg = Debug|Any CPU
		{57BE04A7-D657-4A74-828A-BBE9D994AEDA}.Debug|x86.Build.0 = Debug|Any CPU
		{57BE04A7-D657-4A74-828A-BBE9D994AEDA}.Release|Any CPU.ActiveCfg = Release|Any CPU
		{57BE04A7-D657-4A74-828A-BBE9D994AEDA}.Release|Any CPU.Build.0 = Release|Any CPU
		{57BE04A7-D657-4A74-828A-BBE9D994AEDA}.Release|Mixed Platforms.ActiveCfg = Release|Any CPU
		{57BE04A7-D657-4A74-828A-BBE9D994AEDA}.Release|Mixed Platforms.Build.0 = Release|Any CPU
		{57BE04A7-D657-4A74-828A-BBE9D994AEDA}.Release|x86.ActiveCfg = Release|Any CPU
		{57BE04A7-D657-4A74-828A-BBE9D994AEDA}.Release|x86.Build.0 = Release|Any CPU
		{68451FB3-D015-4C95-BBDB-D525288AFAC8}.Debug|Any CPU.ActiveCfg = Debug|x86
		{68451FB3-D015-4C95-BBDB-D525288AFAC8}.Debug|Any CPU.Build.0 = Debug|x86
		{68451FB3-D015-4C95-BBDB-D525288AFAC8}.Debug|Mixed Platforms.ActiveCfg = Debug|x86
		{68451FB3-D015-4C95-BBDB-D525288AFAC8}.Debug|Mixed Platforms.Build.0 = Debug|x86
		{68451FB3-D015-4C95-BBDB-D525288AFAC8}.Debug|x86.ActiveCfg = Debug|x86
		{68451FB3-D015-4C95-BBDB-D525288AFAC8}.Debug|x86.Build.0 = Debug|x86
		{68451FB3-D015-4C95-BBDB-D525288AFAC8}.Release|Any CPU.ActiveCfg = Release|x86
		{68451FB3-D015-4C95-BBDB-D525288AFAC8}.Release|Any CPU.Build.0 = Release|x86
		{68451FB3-D015-4C95-BBDB-D525288AFAC8}.Release|Mixed Platforms.ActiveCfg = Release|x86
		{68451FB3-D015-4C95-BBDB-D525288AFAC8}.Release|Mixed Platforms.Build.0 = Release|x86
		{68451FB3-D015-4C95-BBDB-D525288AFAC8}.Release|x86.ActiveCfg = Release|x86
		{68451FB3-D015-4C95-BBDB-D525288AFAC8}.Release|x86.Build.0 = Release|x86
		{AB2AD4E1-A80D-4CC9-B685-91224DB37518}.Debug|Any CPU.ActiveCfg = Debug|Any CPU
		{AB2AD4E1-A80D-4CC9-B685-91224DB37518}.Debug|Any CPU.Build.0 = Debug|Any CPU
		{AB2AD4E1-A80D-4CC9-B685-91224DB37518}.Debug|Mixed Platforms.ActiveCfg = Debug|Any CPU
		{AB2AD4E1-A80D-4CC9-B685-91224DB37518}.Debug|Mixed Platforms.Build.0 = Debug|Any CPU
		{AB2AD4E1-A80D-4CC9-B685-91224DB37518}.Debug|x86.ActiveCfg = Debug|Any CPU
		{AB2AD4E1-A80D-4CC9-B685-91224DB37518}.Debug|x86.Build.0 = Debug|Any CPU
		{AB2AD4E1-A80D-4CC9-B685-91224DB37518}.Release|Any CPU.ActiveCfg = Release|Any CPU
		{AB2AD4E1-A80D-4CC9-B685-91224DB37518}.Release|Any CPU.Build.0 = Release|Any CPU
		{AB2AD4E1-A80D-4CC9-B685-91224DB37518}.Release|Mixed Platforms.ActiveCfg = Release|Any CPU
		{AB2AD4E1-A80D-4CC9-B685-91224DB37518}.Release|Mixed Platforms.Build.0 = Release|Any CPU
		{AB2AD4E1-A80D-4CC9-B685-91224DB37518}.Release|x86.ActiveCfg = Release|Any CPU
		{AB2AD4E1-A80D-4CC9-B685-91224DB37518}.Release|x86.Build.0 = Release|Any CPU
		{DB5B3681-9F42-4C22-8562-2D39465D7A10}.Debug|Any CPU.ActiveCfg = Debug|Any CPU
		{DB5B3681-9F42-4C22-8562-2D39465D7A10}.Debug|Any CPU.Build.0 = Debug|Any CPU
		{DB5B3681-9F42-4C22-8562-2D39465D7A10}.Debug|Mixed Platforms.ActiveCfg = Debug|Any CPU
		{DB5B3681-9F42-4C22-8562-2D39465D7A10}.Debug|Mixed Platforms.Build.0 = Debug|Any CPU
		{DB5B3681-9F42-4C22-8562-2D39465D7A10}.Debug|x86.ActiveCfg = Debug|Any CPU
		{DB5B3681-9F42-4C22-8562-2D39465D7A10}.Release|Any CPU.ActiveCfg = Release|Any CPU
		{DB5B3681-9F42-4C22-8562-2D39465D7A10}.Release|Any CPU.Build.0 = Release|Any CPU
		{DB5B3681-9F42-4C22-8562-2D39465D7A10}.Release|Mixed Platforms.ActiveCfg = Release|Any CPU
		{DB5B3681-9F42-4C22-8562-2D39465D7A10}.Release|Mixed Platforms.Build.0 = Release|Any CPU
		{DB5B3681-9F42-4C22-8562-2D39465D7A10}.Release|x86.ActiveCfg = Release|Any CPU
	EndGlobalSection
	GlobalSection(NestedProjects) = preSolution
	EndGlobalSection
	GlobalSection(MonoDevelopProperties) = preSolution
		StartupItem = ECMGTK\ECMGTK.csproj
	EndGlobalSection
	GlobalSection(SolutionProperties) = preSolution
		HideSolutionNode = FALSE
	EndGlobalSection
EndGlobal
